// !$*UTF8*$!
{
	archiveVersion = 1;
	classes = {
	};
	objectVersion = 56;
	objects = {

/* Begin PBXBuildFile section */
		CA0FBB6D29C6997100575BDA /* UserView.swift in Sources */ = {isa = PBXBuildFile; fileRef = CA0FBB6C29C6997100575BDA /* UserView.swift */; };
		CA0FBB7029C69F3200575BDA /* Tab.swift in Sources */ = {isa = PBXBuildFile; fileRef = CA0FBB6F29C69F3200575BDA /* Tab.swift */; };
		CA0FBB7329C6C59D00575BDA /* MainView.swift in Sources */ = {isa = PBXBuildFile; fileRef = CA0FBB7229C6C59D00575BDA /* MainView.swift */; };
		CA0FBB7529C6D08700575BDA /* TimeView.swift in Sources */ = {isa = PBXBuildFile; fileRef = CA0FBB7429C6D08700575BDA /* TimeView.swift */; };
		CA0FBB7729C6D96000575BDA /* ChartForDayView.swift in Sources */ = {isa = PBXBuildFile; fileRef = CA0FBB7629C6D96000575BDA /* ChartForDayView.swift */; };
		CA0FBB7929C6D96E00575BDA /* ChartForWeekView.swift in Sources */ = {isa = PBXBuildFile; fileRef = CA0FBB7829C6D96E00575BDA /* ChartForWeekView.swift */; };
		CA0FBB9529C7928F00575BDA /* ChartForDay.swift in Sources */ = {isa = PBXBuildFile; fileRef = CA0FBB9429C7928F00575BDA /* ChartForDay.swift */; };
		CA2454F929C52547002D6BC2 /* AttendanceApp.swift in Sources */ = {isa = PBXBuildFile; fileRef = CA2454F829C52547002D6BC2 /* AttendanceApp.swift */; };
		CA2454FB29C52547002D6BC2 /* ContentView.swift in Sources */ = {isa = PBXBuildFile; fileRef = CA2454FA29C52547002D6BC2 /* ContentView.swift */; };
		CA2454FD29C5254A002D6BC2 /* Assets.xcassets in Resources */ = {isa = PBXBuildFile; fileRef = CA2454FC29C5254A002D6BC2 /* Assets.xcassets */; };
		CA24550029C5254A002D6BC2 /* Preview Assets.xcassets in Resources */ = {isa = PBXBuildFile; fileRef = CA2454FF29C5254A002D6BC2 /* Preview Assets.xcassets */; };
		CA24552429C52904002D6BC2 /* AddStudentToTrackView.swift in Sources */ = {isa = PBXBuildFile; fileRef = CA24551829C52904002D6BC2 /* AddStudentToTrackView.swift */; };
		CA24552529C52904002D6BC2 /* TrackDetailView.swift in Sources */ = {isa = PBXBuildFile; fileRef = CA24551929C52904002D6BC2 /* TrackDetailView.swift */; };
		CA24552729C52904002D6BC2 /* Bundle-Decodable.swift in Sources */ = {isa = PBXBuildFile; fileRef = CA24551B29C52904002D6BC2 /* Bundle-Decodable.swift */; };
		CA24552829C52904002D6BC2 /* WelcomeView.swift in Sources */ = {isa = PBXBuildFile; fileRef = CA24551C29C52904002D6BC2 /* WelcomeView.swift */; };
		CA24552A29C52904002D6BC2 /* TrackView.swift in Sources */ = {isa = PBXBuildFile; fileRef = CA24551E29C52904002D6BC2 /* TrackView.swift */; };
		CA24552B29C52904002D6BC2 /* AddStudentView.swift in Sources */ = {isa = PBXBuildFile; fileRef = CA24551F29C52904002D6BC2 /* AddStudentView.swift */; };
		CA24552C29C52904002D6BC2 /* StudentDetailView.swift in Sources */ = {isa = PBXBuildFile; fileRef = CA24552029C52904002D6BC2 /* StudentDetailView.swift */; };
		CA24552D29C52904002D6BC2 /* StudentView.swift in Sources */ = {isa = PBXBuildFile; fileRef = CA24552129C52904002D6BC2 /* StudentView.swift */; };
		CA24553329C5307C002D6BC2 /* DashBoardView.swift in Sources */ = {isa = PBXBuildFile; fileRef = CA24553229C5307C002D6BC2 /* DashBoardView.swift */; };
		CA24553529C53997002D6BC2 /* RoundedCorner.swift in Sources */ = {isa = PBXBuildFile; fileRef = CA24553429C53997002D6BC2 /* RoundedCorner.swift */; };
		CA24553929C58FD3002D6BC2 /* StatusBarView.swift in Sources */ = {isa = PBXBuildFile; fileRef = CA24553829C58FD3002D6BC2 /* StatusBarView.swift */; };
		CA24553B29C59360002D6BC2 /* LeftTabView.swift in Sources */ = {isa = PBXBuildFile; fileRef = CA24553A29C59360002D6BC2 /* LeftTabView.swift */; };
		CA24555729C59A52002D6BC2 /* LogoView.swift in Sources */ = {isa = PBXBuildFile; fileRef = CA24555629C59A52002D6BC2 /* LogoView.swift */; };
		CA24555929C59B89002D6BC2 /* DateView.swift in Sources */ = {isa = PBXBuildFile; fileRef = CA24555829C59B89002D6BC2 /* DateView.swift */; };
		CA7A545429F5B0CE00706283 /* StudentListView.swift in Sources */ = {isa = PBXBuildFile; fileRef = CA7A545329F5B0CE00706283 /* StudentListView.swift */; };
		CA7F4CA329D6A47E00AFD5D5 /* HTTPClient.swift in Sources */ = {isa = PBXBuildFile; fileRef = CA7F4CA229D6A47E00AFD5D5 /* HTTPClient.swift */; };
		CA867DA629DA49DB00FF571C /* TrackStudent.swift in Sources */ = {isa = PBXBuildFile; fileRef = CA867DA529DA49DB00FF571C /* TrackStudent.swift */; };
		CA867DA829DAA73200FF571C /* LoadingView.swift in Sources */ = {isa = PBXBuildFile; fileRef = CA867DA729DAA73200FF571C /* LoadingView.swift */; };
		CA8FD38829DE586100D99BBC /* ProgressBarView.swift in Sources */ = {isa = PBXBuildFile; fileRef = CA8FD38729DE586100D99BBC /* ProgressBarView.swift */; };
		CAB6DBE829C83314003EFA56 /* SessionView.swift in Sources */ = {isa = PBXBuildFile; fileRef = CAB6DBE729C83314003EFA56 /* SessionView.swift */; };
		CAB6DBEA29C98191003EFA56 /* FormSheet.swift in Sources */ = {isa = PBXBuildFile; fileRef = CAB6DBE929C98191003EFA56 /* FormSheet.swift */; };
		CAB6DBEC29C98C8C003EFA56 /* ClearBackgroundView.swift in Sources */ = {isa = PBXBuildFile; fileRef = CAB6DBEB29C98C8C003EFA56 /* ClearBackgroundView.swift */; };
		CAB6DBF029C99AD4003EFA56 /* ClockView.swift in Sources */ = {isa = PBXBuildFile; fileRef = CAB6DBEF29C99AD4003EFA56 /* ClockView.swift */; };
		CAC2245029C7F2B600E90441 /* Track.swift in Sources */ = {isa = PBXBuildFile; fileRef = CAC2244F29C7F2B600E90441 /* Track.swift */; };
		CAC2245229C7F2C600E90441 /* Student.swift in Sources */ = {isa = PBXBuildFile; fileRef = CAC2245129C7F2C600E90441 /* Student.swift */; };
		CAC2245429C7F2D100E90441 /* Attendance.swift in Sources */ = {isa = PBXBuildFile; fileRef = CAC2245329C7F2D100E90441 /* Attendance.swift */; };
		CAC2245829C8121500E90441 /* TrackListView.swift in Sources */ = {isa = PBXBuildFile; fileRef = CAC2245729C8121500E90441 /* TrackListView.swift */; };
		CAC42FA329EF70A400AFA890 /* AddTrackView.swift in Sources */ = {isa = PBXBuildFile; fileRef = CAC42FA229EF70A400AFA890 /* AddTrackView.swift */; };
		CAC42FA629EF70B800AFA890 /* CheckOutView.swift in Sources */ = {isa = PBXBuildFile; fileRef = CAC42FA429EF70B800AFA890 /* CheckOutView.swift */; };
		CAC42FA729EF70B800AFA890 /* CheckInView.swift in Sources */ = {isa = PBXBuildFile; fileRef = CAC42FA529EF70B800AFA890 /* CheckInView.swift */; };
		CAC879DE29DF3FEC004FBD6B /* Session.swift in Sources */ = {isa = PBXBuildFile; fileRef = CAC879DD29DF3FEC004FBD6B /* Session.swift */; };
		CAC879E029DF5677004FBD6B /* HTTPClientExtension.swift in Sources */ = {isa = PBXBuildFile; fileRef = CAC879DF29DF5677004FBD6B /* HTTPClientExtension.swift */; };
		CAC879E229DF57C4004FBD6B /* HTTPClientTrack.swift in Sources */ = {isa = PBXBuildFile; fileRef = CAC879E129DF57C4004FBD6B /* HTTPClientTrack.swift */; };
		CAC879E429DF57E0004FBD6B /* HTTPClientStudent.swift in Sources */ = {isa = PBXBuildFile; fileRef = CAC879E329DF57E0004FBD6B /* HTTPClientStudent.swift */; };
		CAC879E629DF57EE004FBD6B /* HTTPClientTrackStudent.swift in Sources */ = {isa = PBXBuildFile; fileRef = CAC879E529DF57EE004FBD6B /* HTTPClientTrackStudent.swift */; };
		CAC879E829DF57F7004FBD6B /* HTTPClientSession.swift in Sources */ = {isa = PBXBuildFile; fileRef = CAC879E729DF57F7004FBD6B /* HTTPClientSession.swift */; };
		CAC879EA29DF5804004FBD6B /* HTTPClientAttendance.swift in Sources */ = {isa = PBXBuildFile; fileRef = CAC879E929DF5804004FBD6B /* HTTPClientAttendance.swift */; };
/* End PBXBuildFile section */

/* Begin PBXFileReference section */
		CA0FBB6C29C6997100575BDA /* UserView.swift */ = {isa = PBXFileReference; lastKnownFileType = sourcecode.swift; path = UserView.swift; sourceTree = "<group>"; };
		CA0FBB6F29C69F3200575BDA /* Tab.swift */ = {isa = PBXFileReference; lastKnownFileType = sourcecode.swift; path = Tab.swift; sourceTree = "<group>"; };
		CA0FBB7229C6C59D00575BDA /* MainView.swift */ = {isa = PBXFileReference; lastKnownFileType = sourcecode.swift; path = MainView.swift; sourceTree = "<group>"; };
		CA0FBB7429C6D08700575BDA /* TimeView.swift */ = {isa = PBXFileReference; lastKnownFileType = sourcecode.swift; path = TimeView.swift; sourceTree = "<group>"; };
		CA0FBB7629C6D96000575BDA /* ChartForDayView.swift */ = {isa = PBXFileReference; lastKnownFileType = sourcecode.swift; path = ChartForDayView.swift; sourceTree = "<group>"; };
		CA0FBB7829C6D96E00575BDA /* ChartForWeekView.swift */ = {isa = PBXFileReference; lastKnownFileType = sourcecode.swift; path = ChartForWeekView.swift; sourceTree = "<group>"; };
		CA0FBB9429C7928F00575BDA /* ChartForDay.swift */ = {isa = PBXFileReference; lastKnownFileType = sourcecode.swift; path = ChartForDay.swift; sourceTree = "<group>"; };
		CA2454F529C52547002D6BC2 /* Attendance.app */ = {isa = PBXFileReference; explicitFileType = wrapper.application; includeInIndex = 0; path = Attendance.app; sourceTree = BUILT_PRODUCTS_DIR; };
		CA2454F829C52547002D6BC2 /* AttendanceApp.swift */ = {isa = PBXFileReference; lastKnownFileType = sourcecode.swift; path = AttendanceApp.swift; sourceTree = "<group>"; };
		CA2454FA29C52547002D6BC2 /* ContentView.swift */ = {isa = PBXFileReference; lastKnownFileType = sourcecode.swift; path = ContentView.swift; sourceTree = "<group>"; };
		CA2454FC29C5254A002D6BC2 /* Assets.xcassets */ = {isa = PBXFileReference; lastKnownFileType = folder.assetcatalog; path = Assets.xcassets; sourceTree = "<group>"; };
		CA2454FF29C5254A002D6BC2 /* Preview Assets.xcassets */ = {isa = PBXFileReference; lastKnownFileType = folder.assetcatalog; path = "Preview Assets.xcassets"; sourceTree = "<group>"; };
		CA24551829C52904002D6BC2 /* AddStudentToTrackView.swift */ = {isa = PBXFileReference; fileEncoding = 4; lastKnownFileType = sourcecode.swift; path = AddStudentToTrackView.swift; sourceTree = "<group>"; };
		CA24551929C52904002D6BC2 /* TrackDetailView.swift */ = {isa = PBXFileReference; fileEncoding = 4; lastKnownFileType = sourcecode.swift; path = TrackDetailView.swift; sourceTree = "<group>"; };
		CA24551B29C52904002D6BC2 /* Bundle-Decodable.swift */ = {isa = PBXFileReference; fileEncoding = 4; lastKnownFileType = sourcecode.swift; path = "Bundle-Decodable.swift"; sourceTree = "<group>"; };
		CA24551C29C52904002D6BC2 /* WelcomeView.swift */ = {isa = PBXFileReference; fileEncoding = 4; lastKnownFileType = sourcecode.swift; path = WelcomeView.swift; sourceTree = "<group>"; };
		CA24551E29C52904002D6BC2 /* TrackView.swift */ = {isa = PBXFileReference; fileEncoding = 4; lastKnownFileType = sourcecode.swift; path = TrackView.swift; sourceTree = "<group>"; };
		CA24551F29C52904002D6BC2 /* AddStudentView.swift */ = {isa = PBXFileReference; fileEncoding = 4; lastKnownFileType = sourcecode.swift; path = AddStudentView.swift; sourceTree = "<group>"; };
		CA24552029C52904002D6BC2 /* StudentDetailView.swift */ = {isa = PBXFileReference; fileEncoding = 4; lastKnownFileType = sourcecode.swift; path = StudentDetailView.swift; sourceTree = "<group>"; };
		CA24552129C52904002D6BC2 /* StudentView.swift */ = {isa = PBXFileReference; fileEncoding = 4; lastKnownFileType = sourcecode.swift; path = StudentView.swift; sourceTree = "<group>"; };
		CA24553229C5307C002D6BC2 /* DashBoardView.swift */ = {isa = PBXFileReference; lastKnownFileType = sourcecode.swift; path = DashBoardView.swift; sourceTree = "<group>"; };
		CA24553429C53997002D6BC2 /* RoundedCorner.swift */ = {isa = PBXFileReference; lastKnownFileType = sourcecode.swift; path = RoundedCorner.swift; sourceTree = "<group>"; };
		CA24553829C58FD3002D6BC2 /* StatusBarView.swift */ = {isa = PBXFileReference; lastKnownFileType = sourcecode.swift; path = StatusBarView.swift; sourceTree = "<group>"; };
		CA24553A29C59360002D6BC2 /* LeftTabView.swift */ = {isa = PBXFileReference; lastKnownFileType = sourcecode.swift; path = LeftTabView.swift; sourceTree = "<group>"; };
		CA24555629C59A52002D6BC2 /* LogoView.swift */ = {isa = PBXFileReference; lastKnownFileType = sourcecode.swift; path = LogoView.swift; sourceTree = "<group>"; };
		CA24555829C59B89002D6BC2 /* DateView.swift */ = {isa = PBXFileReference; lastKnownFileType = sourcecode.swift; path = DateView.swift; sourceTree = "<group>"; };
		CA7A545329F5B0CE00706283 /* StudentListView.swift */ = {isa = PBXFileReference; lastKnownFileType = sourcecode.swift; path = StudentListView.swift; sourceTree = "<group>"; };
		CA7F4CA229D6A47E00AFD5D5 /* HTTPClient.swift */ = {isa = PBXFileReference; fileEncoding = 4; lastKnownFileType = sourcecode.swift; path = HTTPClient.swift; sourceTree = "<group>"; };
		CA867DA529DA49DB00FF571C /* TrackStudent.swift */ = {isa = PBXFileReference; lastKnownFileType = sourcecode.swift; path = TrackStudent.swift; sourceTree = "<group>"; };
		CA867DA729DAA73200FF571C /* LoadingView.swift */ = {isa = PBXFileReference; lastKnownFileType = sourcecode.swift; path = LoadingView.swift; sourceTree = "<group>"; };
		CA8FD38729DE586100D99BBC /* ProgressBarView.swift */ = {isa = PBXFileReference; lastKnownFileType = sourcecode.swift; path = ProgressBarView.swift; sourceTree = "<group>"; };
		CAB6DBE729C83314003EFA56 /* SessionView.swift */ = {isa = PBXFileReference; lastKnownFileType = sourcecode.swift; path = SessionView.swift; sourceTree = "<group>"; };
		CAB6DBE929C98191003EFA56 /* FormSheet.swift */ = {isa = PBXFileReference; lastKnownFileType = sourcecode.swift; path = FormSheet.swift; sourceTree = "<group>"; };
		CAB6DBEB29C98C8C003EFA56 /* ClearBackgroundView.swift */ = {isa = PBXFileReference; lastKnownFileType = sourcecode.swift; path = ClearBackgroundView.swift; sourceTree = "<group>"; };
		CAB6DBEF29C99AD4003EFA56 /* ClockView.swift */ = {isa = PBXFileReference; lastKnownFileType = sourcecode.swift; path = ClockView.swift; sourceTree = "<group>"; };
		CAC2244F29C7F2B600E90441 /* Track.swift */ = {isa = PBXFileReference; lastKnownFileType = sourcecode.swift; path = Track.swift; sourceTree = "<group>"; };
		CAC2245129C7F2C600E90441 /* Student.swift */ = {isa = PBXFileReference; lastKnownFileType = sourcecode.swift; path = Student.swift; sourceTree = "<group>"; };
		CAC2245329C7F2D100E90441 /* Attendance.swift */ = {isa = PBXFileReference; lastKnownFileType = sourcecode.swift; path = Attendance.swift; sourceTree = "<group>"; };
		CAC2245729C8121500E90441 /* TrackListView.swift */ = {isa = PBXFileReference; lastKnownFileType = sourcecode.swift; path = TrackListView.swift; sourceTree = "<group>"; };
		CAC42FA229EF70A400AFA890 /* AddTrackView.swift */ = {isa = PBXFileReference; fileEncoding = 4; lastKnownFileType = sourcecode.swift; path = AddTrackView.swift; sourceTree = "<group>"; };
		CAC42FA429EF70B800AFA890 /* CheckOutView.swift */ = {isa = PBXFileReference; fileEncoding = 4; lastKnownFileType = sourcecode.swift; path = CheckOutView.swift; sourceTree = "<group>"; };
		CAC42FA529EF70B800AFA890 /* CheckInView.swift */ = {isa = PBXFileReference; fileEncoding = 4; lastKnownFileType = sourcecode.swift; path = CheckInView.swift; sourceTree = "<group>"; };
		CAC879DD29DF3FEC004FBD6B /* Session.swift */ = {isa = PBXFileReference; lastKnownFileType = sourcecode.swift; path = Session.swift; sourceTree = "<group>"; };
		CAC879DF29DF5677004FBD6B /* HTTPClientExtension.swift */ = {isa = PBXFileReference; lastKnownFileType = sourcecode.swift; path = HTTPClientExtension.swift; sourceTree = "<group>"; };
		CAC879E129DF57C4004FBD6B /* HTTPClientTrack.swift */ = {isa = PBXFileReference; lastKnownFileType = sourcecode.swift; path = HTTPClientTrack.swift; sourceTree = "<group>"; };
		CAC879E329DF57E0004FBD6B /* HTTPClientStudent.swift */ = {isa = PBXFileReference; lastKnownFileType = sourcecode.swift; path = HTTPClientStudent.swift; sourceTree = "<group>"; };
		CAC879E529DF57EE004FBD6B /* HTTPClientTrackStudent.swift */ = {isa = PBXFileReference; lastKnownFileType = sourcecode.swift; path = HTTPClientTrackStudent.swift; sourceTree = "<group>"; };
		CAC879E729DF57F7004FBD6B /* HTTPClientSession.swift */ = {isa = PBXFileReference; lastKnownFileType = sourcecode.swift; path = HTTPClientSession.swift; sourceTree = "<group>"; };
		CAC879E929DF5804004FBD6B /* HTTPClientAttendance.swift */ = {isa = PBXFileReference; lastKnownFileType = sourcecode.swift; path = HTTPClientAttendance.swift; sourceTree = "<group>"; };
/* End PBXFileReference section */

/* Begin PBXFrameworksBuildPhase section */
		CA2454F229C52547002D6BC2 /* Frameworks */ = {
			isa = PBXFrameworksBuildPhase;
			buildActionMask = 2147483647;
			files = (
			);
			runOnlyForDeploymentPostprocessing = 0;
		};
/* End PBXFrameworksBuildPhase section */

/* Begin PBXGroup section */
		CA0FBB6E29C69DBD00575BDA /* StatusBarView */ = {
			isa = PBXGroup;
			children = (
				CA24555629C59A52002D6BC2 /* LogoView.swift */,
				CA24555829C59B89002D6BC2 /* DateView.swift */,
				CA0FBB6C29C6997100575BDA /* UserView.swift */,
			);
			path = StatusBarView;
			sourceTree = "<group>";
		};
		CA0FBB7129C6C42200575BDA /* LeftTabView */ = {
			isa = PBXGroup;
			children = (
				CA0FBB6F29C69F3200575BDA /* Tab.swift */,
				CA0FBB7429C6D08700575BDA /* TimeView.swift */,
				CAB6DBEF29C99AD4003EFA56 /* ClockView.swift */,
			);
			path = LeftTabView;
			sourceTree = "<group>";
		};
		CA2454EC29C52547002D6BC2 = {
			isa = PBXGroup;
			children = (
				CA2454F729C52547002D6BC2 /* Attendance */,
				CA2454F629C52547002D6BC2 /* Products */,
			);
			sourceTree = "<group>";
		};
		CA2454F629C52547002D6BC2 /* Products */ = {
			isa = PBXGroup;
			children = (
				CA2454F529C52547002D6BC2 /* Attendance.app */,
			);
			name = Products;
			sourceTree = "<group>";
		};
		CA2454F729C52547002D6BC2 /* Attendance */ = {
			isa = PBXGroup;
			children = (
				CA7F4CA129D6A2E300AFD5D5 /* HTTP Clients */,
				CA24552F29C5295F002D6BC2 /* Models */,
				CA7F4CA029D6A28F00AFD5D5 /* View */,
				CA24553629C53A80002D6BC2 /* Modifier */,
				CA2454FC29C5254A002D6BC2 /* Assets.xcassets */,
				CA2454FE29C5254A002D6BC2 /* Preview Content */,
			);
			path = Attendance;
			sourceTree = "<group>";
		};
		CA2454FE29C5254A002D6BC2 /* Preview Content */ = {
			isa = PBXGroup;
			children = (
				CA2454FF29C5254A002D6BC2 /* Preview Assets.xcassets */,
			);
			path = "Preview Content";
			sourceTree = "<group>";
		};
		CA24552F29C5295F002D6BC2 /* Models */ = {
			isa = PBXGroup;
			children = (
				CAC2244F29C7F2B600E90441 /* Track.swift */,
				CAC2245129C7F2C600E90441 /* Student.swift */,
				CA867DA529DA49DB00FF571C /* TrackStudent.swift */,
				CAC879DD29DF3FEC004FBD6B /* Session.swift */,
				CAC2245329C7F2D100E90441 /* Attendance.swift */,
			);
			path = Models;
			sourceTree = "<group>";
		};
		CA24553629C53A80002D6BC2 /* Modifier */ = {
			isa = PBXGroup;
			children = (
				CA24553429C53997002D6BC2 /* RoundedCorner.swift */,
				CAB6DBE929C98191003EFA56 /* FormSheet.swift */,
				CAB6DBEB29C98C8C003EFA56 /* ClearBackgroundView.swift */,
			);
			path = Modifier;
			sourceTree = "<group>";
		};
		CA24553729C58CCE002D6BC2 /* DashBoardView */ = {
			isa = PBXGroup;
			children = (
				CA0FBB7629C6D96000575BDA /* ChartForDayView.swift */,
				CA0FBB7829C6D96E00575BDA /* ChartForWeekView.swift */,
				CA0FBB9429C7928F00575BDA /* ChartForDay.swift */,
			);
			path = DashBoardView;
			sourceTree = "<group>";
		};
		CA7F4CA029D6A28F00AFD5D5 /* View */ = {
			isa = PBXGroup;
			children = (
				CA2454F829C52547002D6BC2 /* AttendanceApp.swift */,
				CA2454FA29C52547002D6BC2 /* ContentView.swift */,
				CA867DA729DAA73200FF571C /* LoadingView.swift */,
				CA24553829C58FD3002D6BC2 /* StatusBarView.swift */,
				CA0FBB6E29C69DBD00575BDA /* StatusBarView */,
				CA24553A29C59360002D6BC2 /* LeftTabView.swift */,
				CA0FBB7129C6C42200575BDA /* LeftTabView */,
				CA0FBB7229C6C59D00575BDA /* MainView.swift */,
				CA24553229C5307C002D6BC2 /* DashBoardView.swift */,
				CA24553729C58CCE002D6BC2 /* DashBoardView */,
				CAC2245729C8121500E90441 /* TrackListView.swift */,
				CA8FD38929DE58C400D99BBC /* TrackListView */,
				CAC42FA229EF70A400AFA890 /* AddTrackView.swift */,
				CA7A545329F5B0CE00706283 /* StudentListView.swift */,
				CA24552129C52904002D6BC2 /* StudentView.swift */,
				CA24552029C52904002D6BC2 /* StudentDetailView.swift */,
				CA24551F29C52904002D6BC2 /* AddStudentView.swift */,
				CA24551C29C52904002D6BC2 /* WelcomeView.swift */,
				CA24551B29C52904002D6BC2 /* Bundle-Decodable.swift */,
			);
			path = View;
			sourceTree = "<group>";
		};
		CA7F4CA129D6A2E300AFD5D5 /* HTTP Clients */ = {
			isa = PBXGroup;
			children = (
				CA7F4CA229D6A47E00AFD5D5 /* HTTPClient.swift */,
				CAC879DF29DF5677004FBD6B /* HTTPClientExtension.swift */,
				CAC879E129DF57C4004FBD6B /* HTTPClientTrack.swift */,
				CAC879E329DF57E0004FBD6B /* HTTPClientStudent.swift */,
				CAC879E529DF57EE004FBD6B /* HTTPClientTrackStudent.swift */,
				CAC879E729DF57F7004FBD6B /* HTTPClientSession.swift */,
				CAC879E929DF5804004FBD6B /* HTTPClientAttendance.swift */,
			);
			path = "HTTP Clients";
			sourceTree = "<group>";
		};
		CA8FD38929DE58C400D99BBC /* TrackListView */ = {
			isa = PBXGroup;
			children = (
				CA24551E29C52904002D6BC2 /* TrackView.swift */,
				CAB6DBE729C83314003EFA56 /* SessionView.swift */,
				CA8FD38729DE586100D99BBC /* ProgressBarView.swift */,
				CA24551929C52904002D6BC2 /* TrackDetailView.swift */,
				CAC42FA529EF70B800AFA890 /* CheckInView.swift */,
				CAC42FA429EF70B800AFA890 /* CheckOutView.swift */,
				CA24551829C52904002D6BC2 /* AddStudentToTrackView.swift */,
			);
			path = TrackListView;
			sourceTree = "<group>";
		};
/* End PBXGroup section */

/* Begin PBXNativeTarget section */
		CA2454F429C52547002D6BC2 /* Attendance */ = {
			isa = PBXNativeTarget;
			buildConfigurationList = CA24550329C5254A002D6BC2 /* Build configuration list for PBXNativeTarget "Attendance" */;
			buildPhases = (
				CA2454F129C52547002D6BC2 /* Sources */,
				CA2454F229C52547002D6BC2 /* Frameworks */,
				CA2454F329C52547002D6BC2 /* Resources */,
			);
			buildRules = (
			);
			dependencies = (
			);
			name = Attendance;
			productName = Attendance;
			productReference = CA2454F529C52547002D6BC2 /* Attendance.app */;
			productType = "com.apple.product-type.application";
		};
/* End PBXNativeTarget section */

/* Begin PBXProject section */
		CA2454ED29C52547002D6BC2 /* Project object */ = {
			isa = PBXProject;
			attributes = {
				BuildIndependentTargetsInParallel = 1;
				LastSwiftUpdateCheck = 1420;
				LastUpgradeCheck = 1420;
				TargetAttributes = {
					CA2454F429C52547002D6BC2 = {
						CreatedOnToolsVersion = 14.2;
					};
				};
			};
			buildConfigurationList = CA2454F029C52547002D6BC2 /* Build configuration list for PBXProject "Attendance" */;
			compatibilityVersion = "Xcode 14.0";
			developmentRegion = en;
			hasScannedForEncodings = 0;
			knownRegions = (
				en,
				Base,
			);
			mainGroup = CA2454EC29C52547002D6BC2;
			productRefGroup = CA2454F629C52547002D6BC2 /* Products */;
			projectDirPath = "";
			projectRoot = "";
			targets = (
				CA2454F429C52547002D6BC2 /* Attendance */,
			);
		};
/* End PBXProject section */

/* Begin PBXResourcesBuildPhase section */
		CA2454F329C52547002D6BC2 /* Resources */ = {
			isa = PBXResourcesBuildPhase;
			buildActionMask = 2147483647;
			files = (
				CA24550029C5254A002D6BC2 /* Preview Assets.xcassets in Resources */,
				CA2454FD29C5254A002D6BC2 /* Assets.xcassets in Resources */,
			);
			runOnlyForDeploymentPostprocessing = 0;
		};
/* End PBXResourcesBuildPhase section */

/* Begin PBXSourcesBuildPhase section */
		CA2454F129C52547002D6BC2 /* Sources */ = {
			isa = PBXSourcesBuildPhase;
			buildActionMask = 2147483647;
			files = (
				CA2454FB29C52547002D6BC2 /* ContentView.swift in Sources */,
				CAC879E429DF57E0004FBD6B /* HTTPClientStudent.swift in Sources */,
				CAC879E629DF57EE004FBD6B /* HTTPClientTrackStudent.swift in Sources */,
				CAC2245029C7F2B600E90441 /* Track.swift in Sources */,
				CA7F4CA329D6A47E00AFD5D5 /* HTTPClient.swift in Sources */,
				CA2454F929C52547002D6BC2 /* AttendanceApp.swift in Sources */,
				CAC879E029DF5677004FBD6B /* HTTPClientExtension.swift in Sources */,
				CA24552B29C52904002D6BC2 /* AddStudentView.swift in Sources */,
				CA24552529C52904002D6BC2 /* TrackDetailView.swift in Sources */,
				CA24555729C59A52002D6BC2 /* LogoView.swift in Sources */,
				CA7A545429F5B0CE00706283 /* StudentListView.swift in Sources */,
				CAC2245229C7F2C600E90441 /* Student.swift in Sources */,
				CAC879DE29DF3FEC004FBD6B /* Session.swift in Sources */,
				CA24553929C58FD3002D6BC2 /* StatusBarView.swift in Sources */,
				CA0FBB6D29C6997100575BDA /* UserView.swift in Sources */,
				CA0FBB7529C6D08700575BDA /* TimeView.swift in Sources */,
				CA24553529C53997002D6BC2 /* RoundedCorner.swift in Sources */,
				CA24552A29C52904002D6BC2 /* TrackView.swift in Sources */,
				CAC42FA729EF70B800AFA890 /* CheckInView.swift in Sources */,
				CA0FBB9529C7928F00575BDA /* ChartForDay.swift in Sources */,
				CA24553B29C59360002D6BC2 /* LeftTabView.swift in Sources */,
				CA0FBB7729C6D96000575BDA /* ChartForDayView.swift in Sources */,
				CAB6DBEC29C98C8C003EFA56 /* ClearBackgroundView.swift in Sources */,
				CAC879E829DF57F7004FBD6B /* HTTPClientSession.swift in Sources */,
				CA0FBB7029C69F3200575BDA /* Tab.swift in Sources */,
				CAC879E229DF57C4004FBD6B /* HTTPClientTrack.swift in Sources */,
				CA24552429C52904002D6BC2 /* AddStudentToTrackView.swift in Sources */,
				CA0FBB7329C6C59D00575BDA /* MainView.swift in Sources */,
				CA24552729C52904002D6BC2 /* Bundle-Decodable.swift in Sources */,
				CA0FBB7929C6D96E00575BDA /* ChartForWeekView.swift in Sources */,
				CAB6DBE829C83314003EFA56 /* SessionView.swift in Sources */,
				CA24552829C52904002D6BC2 /* WelcomeView.swift in Sources */,
				CA24552C29C52904002D6BC2 /* StudentDetailView.swift in Sources */,
				CAC879EA29DF5804004FBD6B /* HTTPClientAttendance.swift in Sources */,
				CA24553329C5307C002D6BC2 /* DashBoardView.swift in Sources */,
				CAC2245429C7F2D100E90441 /* Attendance.swift in Sources */,
				CAC42FA329EF70A400AFA890 /* AddTrackView.swift in Sources */,
				CA24552D29C52904002D6BC2 /* StudentView.swift in Sources */,
				CAB6DBEA29C98191003EFA56 /* FormSheet.swift in Sources */,
				CA867DA629DA49DB00FF571C /* TrackStudent.swift in Sources */,
				CAC2245829C8121500E90441 /* TrackListView.swift in Sources */,
				CA24555929C59B89002D6BC2 /* DateView.swift in Sources */,
				CA867DA829DAA73200FF571C /* LoadingView.swift in Sources */,
				CAB6DBF029C99AD4003EFA56 /* ClockView.swift in Sources */,
				CAC42FA629EF70B800AFA890 /* CheckOutView.swift in Sources */,
				CA8FD38829DE586100D99BBC /* ProgressBarView.swift in Sources */,
			);
			runOnlyForDeploymentPostprocessing = 0;
		};
/* End PBXSourcesBuildPhase section */

/* Begin XCBuildConfiguration section */
		CA24550129C5254A002D6BC2 /* Debug */ = {
			isa = XCBuildConfiguration;
			buildSettings = {
				ALWAYS_SEARCH_USER_PATHS = NO;
				CLANG_ANALYZER_NONNULL = YES;
				CLANG_ANALYZER_NUMBER_OBJECT_CONVERSION = YES_AGGRESSIVE;
				CLANG_CXX_LANGUAGE_STANDARD = "gnu++20";
				CLANG_ENABLE_MODULES = YES;
				CLANG_ENABLE_OBJC_ARC = YES;
				CLANG_ENABLE_OBJC_WEAK = YES;
				CLANG_WARN_BLOCK_CAPTURE_AUTORELEASING = YES;
				CLANG_WARN_BOOL_CONVERSION = YES;
				CLANG_WARN_COMMA = YES;
				CLANG_WARN_CONSTANT_CONVERSION = YES;
				CLANG_WARN_DEPRECATED_OBJC_IMPLEMENTATIONS = YES;
				CLANG_WARN_DIRECT_OBJC_ISA_USAGE = YES_ERROR;
				CLANG_WARN_DOCUMENTATION_COMMENTS = YES;
				CLANG_WARN_EMPTY_BODY = YES;
				CLANG_WARN_ENUM_CONVERSION = YES;
				CLANG_WARN_INFINITE_RECURSION = YES;
				CLANG_WARN_INT_CONVERSION = YES;
				CLANG_WARN_NON_LITERAL_NULL_CONVERSION = YES;
				CLANG_WARN_OBJC_IMPLICIT_RETAIN_SELF = YES;
				CLANG_WARN_OBJC_LITERAL_CONVERSION = YES;
				CLANG_WARN_OBJC_ROOT_CLASS = YES_ERROR;
				CLANG_WARN_QUOTED_INCLUDE_IN_FRAMEWORK_HEADER = YES;
				CLANG_WARN_RANGE_LOOP_ANALYSIS = YES;
				CLANG_WARN_STRICT_PROTOTYPES = YES;
				CLANG_WARN_SUSPICIOUS_MOVE = YES;
				CLANG_WARN_UNGUARDED_AVAILABILITY = YES_AGGRESSIVE;
				CLANG_WARN_UNREACHABLE_CODE = YES;
				CLANG_WARN__DUPLICATE_METHOD_MATCH = YES;
				COPY_PHASE_STRIP = NO;
				DEBUG_INFORMATION_FORMAT = dwarf;
				ENABLE_STRICT_OBJC_MSGSEND = YES;
				ENABLE_TESTABILITY = YES;
				GCC_C_LANGUAGE_STANDARD = gnu11;
				GCC_DYNAMIC_NO_PIC = NO;
				GCC_NO_COMMON_BLOCKS = YES;
				GCC_OPTIMIZATION_LEVEL = 0;
				GCC_PREPROCESSOR_DEFINITIONS = (
					"DEBUG=1",
					"$(inherited)",
				);
				GCC_WARN_64_TO_32_BIT_CONVERSION = YES;
				GCC_WARN_ABOUT_RETURN_TYPE = YES_ERROR;
				GCC_WARN_UNDECLARED_SELECTOR = YES;
				GCC_WARN_UNINITIALIZED_AUTOS = YES_AGGRESSIVE;
				GCC_WARN_UNUSED_FUNCTION = YES;
				GCC_WARN_UNUSED_VARIABLE = YES;
				IPHONEOS_DEPLOYMENT_TARGET = 16.2;
				MTL_ENABLE_DEBUG_INFO = INCLUDE_SOURCE;
				MTL_FAST_MATH = YES;
				ONLY_ACTIVE_ARCH = YES;
				SDKROOT = iphoneos;
				SWIFT_ACTIVE_COMPILATION_CONDITIONS = DEBUG;
				SWIFT_OPTIMIZATION_LEVEL = "-Onone";
			};
			name = Debug;
		};
		CA24550229C5254A002D6BC2 /* Release */ = {
			isa = XCBuildConfiguration;
			buildSettings = {
				ALWAYS_SEARCH_USER_PATHS = NO;
				CLANG_ANALYZER_NONNULL = YES;
				CLANG_ANALYZER_NUMBER_OBJECT_CONVERSION = YES_AGGRESSIVE;
				CLANG_CXX_LANGUAGE_STANDARD = "gnu++20";
				CLANG_ENABLE_MODULES = YES;
				CLANG_ENABLE_OBJC_ARC = YES;
				CLANG_ENABLE_OBJC_WEAK = YES;
				CLANG_WARN_BLOCK_CAPTURE_AUTORELEASING = YES;
				CLANG_WARN_BOOL_CONVERSION = YES;
				CLANG_WARN_COMMA = YES;
				CLANG_WARN_CONSTANT_CONVERSION = YES;
				CLANG_WARN_DEPRECATED_OBJC_IMPLEMENTATIONS = YES;
				CLANG_WARN_DIRECT_OBJC_ISA_USAGE = YES_ERROR;
				CLANG_WARN_DOCUMENTATION_COMMENTS = YES;
				CLANG_WARN_EMPTY_BODY = YES;
				CLANG_WARN_ENUM_CONVERSION = YES;
				CLANG_WARN_INFINITE_RECURSION = YES;
				CLANG_WARN_INT_CONVERSION = YES;
				CLANG_WARN_NON_LITERAL_NULL_CONVERSION = YES;
				CLANG_WARN_OBJC_IMPLICIT_RETAIN_SELF = YES;
				CLANG_WARN_OBJC_LITERAL_CONVERSION = YES;
				CLANG_WARN_OBJC_ROOT_CLASS = YES_ERROR;
				CLANG_WARN_QUOTED_INCLUDE_IN_FRAMEWORK_HEADER = YES;
				CLANG_WARN_RANGE_LOOP_ANALYSIS = YES;
				CLANG_WARN_STRICT_PROTOTYPES = YES;
				CLANG_WARN_SUSPICIOUS_MOVE = YES;
				CLANG_WARN_UNGUARDED_AVAILABILITY = YES_AGGRESSIVE;
				CLANG_WARN_UNREACHABLE_CODE = YES;
				CLANG_WARN__DUPLICATE_METHOD_MATCH = YES;
				COPY_PHASE_STRIP = NO;
				DEBUG_INFORMATION_FORMAT = "dwarf-with-dsym";
				ENABLE_NS_ASSERTIONS = NO;
				ENABLE_STRICT_OBJC_MSGSEND = YES;
				GCC_C_LANGUAGE_STANDARD = gnu11;
				GCC_NO_COMMON_BLOCKS = YES;
				GCC_WARN_64_TO_32_BIT_CONVERSION = YES;
				GCC_WARN_ABOUT_RETURN_TYPE = YES_ERROR;
				GCC_WARN_UNDECLARED_SELECTOR = YES;
				GCC_WARN_UNINITIALIZED_AUTOS = YES_AGGRESSIVE;
				GCC_WARN_UNUSED_FUNCTION = YES;
				GCC_WARN_UNUSED_VARIABLE = YES;
				IPHONEOS_DEPLOYMENT_TARGET = 16.2;
				MTL_ENABLE_DEBUG_INFO = NO;
				MTL_FAST_MATH = YES;
				SDKROOT = iphoneos;
				SWIFT_COMPILATION_MODE = wholemodule;
				SWIFT_OPTIMIZATION_LEVEL = "-O";
				VALIDATE_PRODUCT = YES;
			};
			name = Release;
		};
		CA24550429C5254A002D6BC2 /* Debug */ = {
			isa = XCBuildConfiguration;
			buildSettings = {
				ASSETCATALOG_COMPILER_APPICON_NAME = AppIcon;
				ASSETCATALOG_COMPILER_GLOBAL_ACCENT_COLOR_NAME = AccentColor;
				CODE_SIGN_STYLE = Automatic;
				CURRENT_PROJECT_VERSION = 1;
				DEVELOPMENT_ASSET_PATHS = "\"Attendance/Preview Content\"";
				DEVELOPMENT_TEAM = 6CS5KZLNNS;
				ENABLE_PREVIEWS = YES;
				GENERATE_INFOPLIST_FILE = YES;
				INFOPLIST_FILE = Attendance/Info.plist;
				INFOPLIST_KEY_UIApplicationSceneManifest_Generation = YES;
				INFOPLIST_KEY_UIApplicationSupportsIndirectInputEvents = YES;
				INFOPLIST_KEY_UILaunchScreen_Generation = YES;
				INFOPLIST_KEY_UISupportedInterfaceOrientations_iPad = "UIInterfaceOrientationLandscapeLeft UIInterfaceOrientationLandscapeRight";
				LD_RUNPATH_SEARCH_PATHS = (
					"$(inherited)",
					"@executable_path/Frameworks",
				);
				MARKETING_VERSION = 1.0;
				PRODUCT_BUNDLE_IDENTIFIER = asu.ame.edu;
				PRODUCT_NAME = "$(TARGET_NAME)";
				SWIFT_EMIT_LOC_STRINGS = YES;
				SWIFT_VERSION = 5.0;
				TARGETED_DEVICE_FAMILY = "1,2";
			};
			name = Debug;
		};
		CA24550529C5254A002D6BC2 /* Release */ = {
			isa = XCBuildConfiguration;
			buildSettings = {
				ASSETCATALOG_COMPILER_APPICON_NAME = AppIcon;
				ASSETCATALOG_COMPILER_GLOBAL_ACCENT_COLOR_NAME = AccentColor;
				CODE_SIGN_STYLE = Automatic;
				CURRENT_PROJECT_VERSION = 1;
				DEVELOPMENT_ASSET_PATHS = "\"Attendance/Preview Content\"";
				DEVELOPMENT_TEAM = 6CS5KZLNNS;
				ENABLE_PREVIEWS = YES;
				GENERATE_INFOPLIST_FILE = YES;
				INFOPLIST_FILE = Attendance/Info.plist;
				INFOPLIST_KEY_UIApplicationSceneManifest_Generation = YES;
				INFOPLIST_KEY_UIApplicationSupportsIndirectInputEvents = YES;
				INFOPLIST_KEY_UILaunchScreen_Generation = YES;
				INFOPLIST_KEY_UISupportedInterfaceOrientations_iPad = "UIInterfaceOrientationLandscapeLeft UIInterfaceOrientationLandscapeRight";
				LD_RUNPATH_SEARCH_PATHS = (
					"$(inherited)",
					"@executable_path/Frameworks",
				);
				MARKETING_VERSION = 1.0;
				PRODUCT_BUNDLE_IDENTIFIER = asu.ame.edu;
				PRODUCT_NAME = "$(TARGET_NAME)";
				SWIFT_EMIT_LOC_STRINGS = YES;
				SWIFT_VERSION = 5.0;
				TARGETED_DEVICE_FAMILY = "1,2";
			};
			name = Release;
		};
/* End XCBuildConfiguration section */

/* Begin XCConfigurationList section */
		CA2454F029C52547002D6BC2 /* Build configuration list for PBXProject "Attendance" */ = {
			isa = XCConfigurationList;
			buildConfigurations = (
				CA24550129C5254A002D6BC2 /* Debug */,
				CA24550229C5254A002D6BC2 /* Release */,
			);
			defaultConfigurationIsVisible = 0;
			defaultConfigurationName = Release;
		};
		CA24550329C5254A002D6BC2 /* Build configuration list for PBXNativeTarget "Attendance" */ = {
			isa = XCConfigurationList;
			buildConfigurations = (
				CA24550429C5254A002D6BC2 /* Debug */,
				CA24550529C5254A002D6BC2 /* Release */,
			);
			defaultConfigurationIsVisible = 0;
			defaultConfigurationName = Release;
		};
/* End XCConfigurationList section */
	};
	rootObject = CA2454ED29C52547002D6BC2 /* Project object */;
}
